
Microsoft Visual Studio Solution File, Format Version 12.00
# Visual Studio Version 17
VisualStudioVersion = 17.8.34316.72
MinimumVisualStudioVersion = 10.0.40219.1
Project("{9A19103F-16F7-4668-BE54-9A1E7A4F7556}") = "Core", "Core\Core.csproj", "{D27A6F80-D261-424C-8DF0-C029F08FA855}"
EndProject
Project("{9A19103F-16F7-4668-BE54-9A1E7A4F7556}") = "Consumidor", "Consumidor\Consumidor.csproj", "{EAE3CB26-17AD-4582-B549-ADF2B07B7C04}"
EndProject
Project("{9A19103F-16F7-4668-BE54-9A1E7A4F7556}") = "Infraestrutura", "Infraestrutura\Infraestrutura.csproj", "{B6F29365-D96D-4DCE-8283-8BB6DAA751F3}"
EndProject
Project("{9A19103F-16F7-4668-BE54-9A1E7A4F7556}") = "IoC", "IoC\IoC.csproj", "{6F1012B8-F019-442D-B23F-032ACDB258A8}"
EndProject
Project("{9A19103F-16F7-4668-BE54-9A1E7A4F7556}") = "VestibularApi", "VestibularApi\VestibularApi.csproj", "{72EEB2EA-2961-4825-8392-E2FAB35DEDD0}"
EndProject
Global
	GlobalSection(SolutionConfigurationPlatforms) = preSolution
		Debug|Any CPU = Debug|Any CPU
		Release|Any CPU = Release|Any CPU
	EndGlobalSection
	GlobalSection(ProjectConfigurationPlatforms) = postSolution
		{D27A6F80-D261-424C-8DF0-C029F08FA855}.Debug|Any CPU.ActiveCfg = Debug|Any CPU
		{D27A6F80-D261-424C-8DF0-C029F08FA855}.Debug|Any CPU.Build.0 = Debug|Any CPU
		{D27A6F80-D261-424C-8DF0-C029F08FA855}.Release|Any CPU.ActiveCfg = Release|Any CPU
		{D27A6F80-D261-424C-8DF0-C029F08FA855}.Release|Any CPU.Build.0 = Release|Any CPU
		{EAE3CB26-17AD-4582-B549-ADF2B07B7C04}.Debug|Any CPU.ActiveCfg = Debug|Any CPU
		{EAE3CB26-17AD-4582-B549-ADF2B07B7C04}.Debug|Any CPU.Build.0 = Debug|Any CPU
		{EAE3CB26-17AD-4582-B549-ADF2B07B7C04}.Release|Any CPU.ActiveCfg = Release|Any CPU
		{EAE3CB26-17AD-4582-B549-ADF2B07B7C04}.Release|Any CPU.Build.0 = Release|Any CPU
		{B6F29365-D96D-4DCE-8283-8BB6DAA751F3}.Debug|Any CPU.ActiveCfg = Debug|Any CPU
		{B6F29365-D96D-4DCE-8283-8BB6DAA751F3}.Debug|Any CPU.Build.0 = Debug|Any CPU
		{B6F29365-D96D-4DCE-8283-8BB6DAA751F3}.Release|Any CPU.ActiveCfg = Release|Any CPU
		{B6F29365-D96D-4DCE-8283-8BB6DAA751F3}.Release|Any CPU.Build.0 = Release|Any CPU
		{6F1012B8-F019-442D-B23F-032ACDB258A8}.Debug|Any CPU.ActiveCfg = Debug|Any CPU
		{6F1012B8-F019-442D-B23F-032ACDB258A8}.Debug|Any CPU.Build.0 = Debug|Any CPU
		{6F1012B8-F019-442D-B23F-032ACDB258A8}.Release|Any CPU.ActiveCfg = Release|Any CPU
		{6F1012B8-F019-442D-B23F-032ACDB258A8}.Release|Any CPU.Build.0 = Release|Any CPU
		{72EEB2EA-2961-4825-8392-E2FAB35DEDD0}.Debug|Any CPU.ActiveCfg = Debug|Any CPU
		{72EEB2EA-2961-4825-8392-E2FAB35DEDD0}.Debug|Any CPU.Build.0 = Debug|Any CPU
		{72EEB2EA-2961-4825-8392-E2FAB35DEDD0}.Release|Any CPU.ActiveCfg = Release|Any CPU
		{72EEB2EA-2961-4825-8392-E2FAB35DEDD0}.Release|Any CPU.Build.0 = Release|Any CPU
	EndGlobalSection
	GlobalSection(SolutionProperties) = preSolution
		HideSolutionNode = FALSE
	EndGlobalSection
	GlobalSection(ExtensibilityGlobals) = postSolution
		SolutionGuid = {659B9401-D1A6-428C-B358-5316946A4081}
	EndGlobalSection
EndGlobal
